
Microsoft Visual Studio Solution File, Format Version 12.00
# Visual Studio Version 16
VisualStudioVersion = 16.0.30804.86
MinimumVisualStudioVersion = 10.0.40219.1
Project("{9A19103F-16F7-4668-BE54-9A1E7A4F7556}") = "SmartHosp.Api.ProviderSearch", "SmartHosp.Api.ProviderSearch\SmartHosp.Api.ProviderSearch.csproj", "{0CC75125-3EA8-4365-A8B6-61B00EADC683}"
EndProject
Project("{9A19103F-16F7-4668-BE54-9A1E7A4F7556}") = "SmartHosp.API.Patient", "SmartHosp.API.Patient\SmartHosp.API.Patient.csproj", "{6C7EC4F8-C42A-493E-A03D-071952E40CB8}"
EndProject
Project("{9A19103F-16F7-4668-BE54-9A1E7A4F7556}") = "SmartHosp.API.Appointment", "SmartHosp.API.Appointment\SmartHosp.API.Appointment.csproj", "{37A97231-090F-42AB-97A4-4FA32AB4CB0E}"
EndProject
Project("{FAE04EC0-301F-11D3-BF4B-00C04F79EFBC}") = "SmartHosp.Api.ProviderSearch.Tests", "SmartHosp.Api.ProviderSearch.Tests\SmartHosp.Api.ProviderSearch.Tests.csproj", "{28E37E02-A98A-4013-A40B-1F52AAC78524}"
EndProject
Global
	GlobalSection(SolutionConfigurationPlatforms) = preSolution
		Debug|Any CPU = Debug|Any CPU
		Release|Any CPU = Release|Any CPU
	EndGlobalSection
	GlobalSection(ProjectConfigurationPlatforms) = postSolution
		{0CC75125-3EA8-4365-A8B6-61B00EADC683}.Debug|Any CPU.ActiveCfg = Debug|Any CPU
		{0CC75125-3EA8-4365-A8B6-61B00EADC683}.Debug|Any CPU.Build.0 = Debug|Any CPU
		{0CC75125-3EA8-4365-A8B6-61B00EADC683}.Release|Any CPU.ActiveCfg = Release|Any CPU
		{0CC75125-3EA8-4365-A8B6-61B00EADC683}.Release|Any CPU.Build.0 = Release|Any CPU
		{6C7EC4F8-C42A-493E-A03D-071952E40CB8}.Debug|Any CPU.ActiveCfg = Debug|Any CPU
		{6C7EC4F8-C42A-493E-A03D-071952E40CB8}.Debug|Any CPU.Build.0 = Debug|Any CPU
		{6C7EC4F8-C42A-493E-A03D-071952E40CB8}.Release|Any CPU.ActiveCfg = Release|Any CPU
		{6C7EC4F8-C42A-493E-A03D-071952E40CB8}.Release|Any CPU.Build.0 = Release|Any CPU
		{37A97231-090F-42AB-97A4-4FA32AB4CB0E}.Debug|Any CPU.ActiveCfg = Debug|Any CPU
		{37A97231-090F-42AB-97A4-4FA32AB4CB0E}.Debug|Any CPU.Build.0 = Debug|Any CPU
		{37A97231-090F-42AB-97A4-4FA32AB4CB0E}.Release|Any CPU.ActiveCfg = Release|Any CPU
		{37A97231-090F-42AB-97A4-4FA32AB4CB0E}.Release|Any CPU.Build.0 = Release|Any CPU
		{28E37E02-A98A-4013-A40B-1F52AAC78524}.Debug|Any CPU.ActiveCfg = Debug|Any CPU
		{28E37E02-A98A-4013-A40B-1F52AAC78524}.Debug|Any CPU.Build.0 = Debug|Any CPU
		{28E37E02-A98A-4013-A40B-1F52AAC78524}.Release|Any CPU.ActiveCfg = Release|Any CPU
		{28E37E02-A98A-4013-A40B-1F52AAC78524}.Release|Any CPU.Build.0 = Release|Any CPU
	EndGlobalSection
	GlobalSection(SolutionProperties) = preSolution
		HideSolutionNode = FALSE
	EndGlobalSection
	GlobalSection(ExtensibilityGlobals) = postSolution
		SolutionGuid = {C63630C3-B5D9-4E4F-AFAC-ECD161ABDC18}
	EndGlobalSection
EndGlobal
